// !$*UTF8*$!
{
	archiveVersion = 1;
	classes = {
	};
	objectVersion = 50;
	objects = {

/* Begin PBXBuildFile section */
		7DCDF8F524F72E520018F9B3 /* Tests_iOS.swift in Sources */ = {isa = PBXBuildFile; fileRef = 7DCDF8F424F72E520018F9B3 /* Tests_iOS.swift */; };
		7DCDF90024F72E520018F9B3 /* Tests_macOS.swift in Sources */ = {isa = PBXBuildFile; fileRef = 7DCDF8FF24F72E520018F9B3 /* Tests_macOS.swift */; };
		7DCDF90224F72E520018F9B3 /* helloworldApp.swift in Sources */ = {isa = PBXBuildFile; fileRef = 7DCDF8D924F72E4D0018F9B3 /* helloworldApp.swift */; };
		7DCDF90324F72E520018F9B3 /* helloworldApp.swift in Sources */ = {isa = PBXBuildFile; fileRef = 7DCDF8D924F72E4D0018F9B3 /* helloworldApp.swift */; };
		7DCDF90424F72E520018F9B3 /* ContentView.swift in Sources */ = {isa = PBXBuildFile; fileRef = 7DCDF8DA24F72E4D0018F9B3 /* ContentView.swift */; };
		7DCDF90524F72E520018F9B3 /* ContentView.swift in Sources */ = {isa = PBXBuildFile; fileRef = 7DCDF8DA24F72E4D0018F9B3 /* ContentView.swift */; };
		7DCDF90624F72E520018F9B3 /* Assets.xcassets in Resources */ = {isa = PBXBuildFile; fileRef = 7DCDF8DB24F72E510018F9B3 /* Assets.xcassets */; };
		7DCDF90724F72E520018F9B3 /* Assets.xcassets in Resources */ = {isa = PBXBuildFile; fileRef = 7DCDF8DB24F72E510018F9B3 /* Assets.xcassets */; };
		7DCDF91724F72F450018F9B3 /* hello.swift in Sources */ = {isa = PBXBuildFile; fileRef = 7DCDF91624F72F450018F9B3 /* hello.swift */; };
/* End PBXBuildFile section */

/* Begin PBXContainerItemProxy section */
		7DCDF8F124F72E520018F9B3 /* PBXContainerItemProxy */ = {
			isa = PBXContainerItemProxy;
			containerPortal = 7DCDF8D424F72E4B0018F9B3 /* Project object */;
			proxyType = 1;
			remoteGlobalIDString = 7DCDF8DF24F72E510018F9B3;
			remoteInfo = "helloworld (iOS)";
		};
		7DCDF8FC24F72E520018F9B3 /* PBXContainerItemProxy */ = {
			isa = PBXContainerItemProxy;
			containerPortal = 7DCDF8D424F72E4B0018F9B3 /* Project object */;
			proxyType = 1;
			remoteGlobalIDString = 7DCDF8E724F72E520018F9B3;
			remoteInfo = "helloworld (macOS)";
		};
/* End PBXContainerItemProxy section */

/* Begin PBXFileReference section */
		7DCDF8D924F72E4D0018F9B3 /* helloworldApp.swift */ = {isa = PBXFileReference; lastKnownFileType = sourcecode.swift; path = helloworldApp.swift; sourceTree = "<group>"; };
		7DCDF8DA24F72E4D0018F9B3 /* ContentView.swift */ = {isa = PBXFileReference; lastKnownFileType = sourcecode.swift; path = ContentView.swift; sourceTree = "<group>"; };
		7DCDF8DB24F72E510018F9B3 /* Assets.xcassets */ = {isa = PBXFileReference; lastKnownFileType = folder.assetcatalog; path = Assets.xcassets; sourceTree = "<group>"; };
		7DCDF8E024F72E520018F9B3 /* helloworld.app */ = {isa = PBXFileReference; explicitFileType = wrapper.application; includeInIndex = 0; path = helloworld.app; sourceTree = BUILT_PRODUCTS_DIR; };
		7DCDF8E324F72E520018F9B3 /* Info.plist */ = {isa = PBXFileReference; lastKnownFileType = text.plist.xml; path = Info.plist; sourceTree = "<group>"; };
		7DCDF8E824F72E520018F9B3 /* helloworld.app */ = {isa = PBXFileReference; explicitFileType = wrapper.application; includeInIndex = 0; path = helloworld.app; sourceTree = BUILT_PRODUCTS_DIR; };
		7DCDF8EA24F72E520018F9B3 /* Info.plist */ = {isa = PBXFileReference; lastKnownFileType = text.plist.xml; path = Info.plist; sourceTree = "<group>"; };
		7DCDF8EB24F72E520018F9B3 /* macOS.entitlements */ = {isa = PBXFileReference; lastKnownFileType = text.plist.entitlements; path = macOS.entitlements; sourceTree = "<group>"; };
		7DCDF8F024F72E520018F9B3 /* Tests iOS.xctest */ = {isa = PBXFileReference; explicitFileType = wrapper.cfbundle; includeInIndex = 0; path = "Tests iOS.xctest"; sourceTree = BUILT_PRODUCTS_DIR; };
		7DCDF8F424F72E520018F9B3 /* Tests_iOS.swift */ = {isa = PBXFileReference; lastKnownFileType = sourcecode.swift; path = Tests_iOS.swift; sourceTree = "<group>"; };
		7DCDF8F624F72E520018F9B3 /* Info.plist */ = {isa = PBXFileReference; lastKnownFileType = text.plist.xml; path = Info.plist; sourceTree = "<group>"; };
		7DCDF8FB24F72E520018F9B3 /* Tests macOS.xctest */ = {isa = PBXFileReference; explicitFileType = wrapper.cfbundle; includeInIndex = 0; path = "Tests macOS.xctest"; sourceTree = BUILT_PRODUCTS_DIR; };
		7DCDF8FF24F72E520018F9B3 /* Tests_macOS.swift */ = {isa = PBXFileReference; lastKnownFileType = sourcecode.swift; path = Tests_macOS.swift; sourceTree = "<group>"; };
		7DCDF90124F72E520018F9B3 /* Info.plist */ = {isa = PBXFileReference; lastKnownFileType = text.plist.xml; path = Info.plist; sourceTree = "<group>"; };
		7DCDF91624F72F450018F9B3 /* hello.swift */ = {isa = PBXFileReference; lastKnownFileType = sourcecode.swift; path = hello.swift; sourceTree = "<group>"; };
/* End PBXFileReference section */

/* Begin PBXFrameworksBuildPhase section */
		7DCDF8DD24F72E510018F9B3 /* Frameworks */ = {
			isa = PBXFrameworksBuildPhase;
			buildActionMask = 2147483647;
			files = (
			);
			runOnlyForDeploymentPostprocessing = 0;
		};
		7DCDF8E524F72E520018F9B3 /* Frameworks */ = {
			isa = PBXFrameworksBuildPhase;
			buildActionMask = 2147483647;
			files = (
			);
			runOnlyForDeploymentPostprocessing = 0;
		};
		7DCDF8ED24F72E520018F9B3 /* Frameworks */ = {
			isa = PBXFrameworksBuildPhase;
			buildActionMask = 2147483647;
			files = (
			);
			runOnlyForDeploymentPostprocessing = 0;
		};
		7DCDF8F824F72E520018F9B3 /* Frameworks */ = {
			isa = PBXFrameworksBuildPhase;
			buildActionMask = 2147483647;
			files = (
			);
			runOnlyForDeploymentPostprocessing = 0;
		};
/* End PBXFrameworksBuildPhase section */

/* Begin PBXGroup section */
		7DCDF8D324F72E4B0018F9B3 = {
			isa = PBXGroup;
			children = (
				7DCDF8D824F72E4D0018F9B3 /* Shared */,
				7DCDF8E224F72E520018F9B3 /* iOS */,
				7DCDF8E924F72E520018F9B3 /* macOS */,
				7DCDF8F324F72E520018F9B3 /* Tests iOS */,
				7DCDF8FE24F72E520018F9B3 /* Tests macOS */,
				7DCDF8E124F72E520018F9B3 /* Products */,
			);
			sourceTree = "<group>";
		};
		7DCDF8D824F72E4D0018F9B3 /* Shared */ = {
			isa = PBXGroup;
			children = (
				7DCDF8D924F72E4D0018F9B3 /* helloworldApp.swift */,
				7DCDF8DA24F72E4D0018F9B3 /* ContentView.swift */,
				7DCDF8DB24F72E510018F9B3 /* Assets.xcassets */,
			);
			path = Shared;
			sourceTree = "<group>";
		};
		7DCDF8E124F72E520018F9B3 /* Products */ = {
			isa = PBXGroup;
			children = (
				7DCDF8E024F72E520018F9B3 /* helloworld.app */,
				7DCDF8E824F72E520018F9B3 /* helloworld.app */,
				7DCDF8F024F72E520018F9B3 /* Tests iOS.xctest */,
				7DCDF8FB24F72E520018F9B3 /* Tests macOS.xctest */,
			);
			name = Products;
			sourceTree = "<group>";
		};
		7DCDF8E224F72E520018F9B3 /* iOS */ = {
			isa = PBXGroup;
			children = (
				7DCDF8E324F72E520018F9B3 /* Info.plist */,
			);
			path = iOS;
			sourceTree = "<group>";
		};
		7DCDF8E924F72E520018F9B3 /* macOS */ = {
			isa = PBXGroup;
			children = (
				7DCDF8EA24F72E520018F9B3 /* Info.plist */,
				7DCDF8EB24F72E520018F9B3 /* macOS.entitlements */,
			);
			path = macOS;
			sourceTree = "<group>";
		};
		7DCDF8F324F72E520018F9B3 /* Tests iOS */ = {
			isa = PBXGroup;
			children = (
				7DCDF8F424F72E520018F9B3 /* Tests_iOS.swift */,
				7DCDF8F624F72E520018F9B3 /* Info.plist */,
			);
			path = "Tests iOS";
			sourceTree = "<group>";
		};
		7DCDF8FE24F72E520018F9B3 /* Tests macOS */ = {
			isa = PBXGroup;
			children = (
				7DCDF8FF24F72E520018F9B3 /* Tests_macOS.swift */,
				7DCDF90124F72E520018F9B3 /* Info.plist */,
				7DCDF91624F72F450018F9B3 /* hello.swift */,
			);
			path = "Tests macOS";
			sourceTree = "<group>";
		};
/* End PBXGroup section */

/* Begin PBXNativeTarget section */
		7DCDF8DF24F72E510018F9B3 /* helloworld (iOS) */ = {
			isa = PBXNativeTarget;
			buildConfigurationList = 7DCDF90A24F72E520018F9B3 /* Build configuration list for PBXNativeTarget "helloworld (iOS)" */;
			buildPhases = (
				7DCDF8DC24F72E510018F9B3 /* Sources */,
				7DCDF8DD24F72E510018F9B3 /* Frameworks */,
				7DCDF8DE24F72E510018F9B3 /* Resources */,
			);
			buildRules = (
			);
			dependencies = (
			);
			name = "helloworld (iOS)";
			productName = "helloworld (iOS)";
			productReference = 7DCDF8E024F72E520018F9B3 /* helloworld.app */;
			productType = "com.apple.product-type.application";
		};
		7DCDF8E724F72E520018F9B3 /* helloworld (macOS) */ = {
			isa = PBXNativeTarget;
			buildConfigurationList = 7DCDF90D24F72E520018F9B3 /* Build configuration list for PBXNativeTarget "helloworld (macOS)" */;
			buildPhases = (
				7DCDF8E424F72E520018F9B3 /* Sources */,
				7DCDF8E524F72E520018F9B3 /* Frameworks */,
				7DCDF8E624F72E520018F9B3 /* Resources */,
			);
			buildRules = (
			);
			dependencies = (
			);
			name = "helloworld (macOS)";
			productName = "helloworld (macOS)";
			productReference = 7DCDF8E824F72E520018F9B3 /* helloworld.app */;
			productType = "com.apple.product-type.application";
		};
		7DCDF8EF24F72E520018F9B3 /* Tests iOS */ = {
			isa = PBXNativeTarget;
			buildConfigurationList = 7DCDF91024F72E520018F9B3 /* Build configuration list for PBXNativeTarget "Tests iOS" */;
			buildPhases = (
				7DCDF8EC24F72E520018F9B3 /* Sources */,
				7DCDF8ED24F72E520018F9B3 /* Frameworks */,
				7DCDF8EE24F72E520018F9B3 /* Resources */,
			);
			buildRules = (
			);
			dependencies = (
				7DCDF8F224F72E520018F9B3 /* PBXTargetDependency */,
			);
			name = "Tests iOS";
			productName = "Tests iOS";
			productReference = 7DCDF8F024F72E520018F9B3 /* Tests iOS.xctest */;
			productType = "com.apple.product-type.bundle.ui-testing";
		};
		7DCDF8FA24F72E520018F9B3 /* Tests macOS */ = {
			isa = PBXNativeTarget;
			buildConfigurationList = 7DCDF91324F72E520018F9B3 /* Build configuration list for PBXNativeTarget "Tests macOS" */;
			buildPhases = (
				7DCDF8F724F72E520018F9B3 /* Sources */,
				7DCDF8F824F72E520018F9B3 /* Frameworks */,
				7DCDF8F924F72E520018F9B3 /* Resources */,
			);
			buildRules = (
			);
			dependencies = (
				7DCDF8FD24F72E520018F9B3 /* PBXTargetDependency */,
			);
			name = "Tests macOS";
			productName = "Tests macOS";
			productReference = 7DCDF8FB24F72E520018F9B3 /* Tests macOS.xctest */;
			productType = "com.apple.product-type.bundle.ui-testing";
		};
/* End PBXNativeTarget section */

/* Begin PBXProject section */
		7DCDF8D424F72E4B0018F9B3 /* Project object */ = {
			isa = PBXProject;
			attributes = {
				LastSwiftUpdateCheck = 1200;
				LastUpgradeCheck = 1200;
				TargetAttributes = {
					7DCDF8DF24F72E510018F9B3 = {
						CreatedOnToolsVersion = 12.0;
					};
					7DCDF8E724F72E520018F9B3 = {
						CreatedOnToolsVersion = 12.0;
					};
					7DCDF8EF24F72E520018F9B3 = {
						CreatedOnToolsVersion = 12.0;
						TestTargetID = 7DCDF8DF24F72E510018F9B3;
					};
					7DCDF8FA24F72E520018F9B3 = {
						CreatedOnToolsVersion = 12.0;
						TestTargetID = 7DCDF8E724F72E520018F9B3;
					};
				};
			};
			buildConfigurationList = 7DCDF8D724F72E4B0018F9B3 /* Build configuration list for PBXProject "helloworld" */;
			compatibilityVersion = "Xcode 9.3";
			developmentRegion = en;
			hasScannedForEncodings = 0;
			knownRegions = (
				en,
				Base,
			);
			mainGroup = 7DCDF8D324F72E4B0018F9B3;
			productRefGroup = 7DCDF8E124F72E520018F9B3 /* Products */;
			projectDirPath = "";
			projectRoot = "";
			targets = (
				7DCDF8DF24F72E510018F9B3 /* helloworld (iOS) */,
				7DCDF8E724F72E520018F9B3 /* helloworld (macOS) */,
				7DCDF8EF24F72E520018F9B3 /* Tests iOS */,
				7DCDF8FA24F72E520018F9B3 /* Tests macOS */,
			);
		};
/* End PBXProject section */

/* Begin PBXResourcesBuildPhase section */
		7DCDF8DE24F72E510018F9B3 /* Resources */ = {
			isa = PBXResourcesBuildPhase;
			buildActionMask = 2147483647;
			files = (
				7DCDF90624F72E520018F9B3 /* Assets.xcassets in Resources */,
			);
			runOnlyForDeploymentPostprocessing = 0;
		};
		7DCDF8E624F72E520018F9B3 /* Resources */ = {
			isa = PBXResourcesBuildPhase;
			buildActionMask = 2147483647;
			files = (
				7DCDF90724F72E520018F9B3 /* Assets.xcassets in Resources */,
			);
			runOnlyForDeploymentPostprocessing = 0;
		};
		7DCDF8EE24F72E520018F9B3 /* Resources */ = {
			isa = PBXResourcesBuildPhase;
			buildActionMask = 2147483647;
			files = (
			);
			runOnlyForDeploymentPostprocessing = 0;
		};
		7DCDF8F924F72E520018F9B3 /* Resources */ = {
			isa = PBXResourcesBuildPhase;
			buildActionMask = 2147483647;
			files = (
			);
			runOnlyForDeploymentPostprocessing = 0;
		};
/* End PBXResourcesBuildPhase section */

/* Begin PBXSourcesBuildPhase section */
		7DCDF8DC24F72E510018F9B3 /* Sources */ = {
			isa = PBXSourcesBuildPhase;
			buildActionMask = 2147483647;
			files = (
				7DCDF90424F72E520018F9B3 /* ContentView.swift in Sources */,
				7DCDF90224F72E520018F9B3 /* helloworldApp.swift in Sources */,
			);
			runOnlyForDeploymentPostprocessing = 0;
		};
		7DCDF8E424F72E520018F9B3 /* Sources */ = {
			isa = PBXSourcesBuildPhase;
			buildActionMask = 2147483647;
			files = (
				7DCDF90524F72E520018F9B3 /* ContentView.swift in Sources */,
				7DCDF90324F72E520018F9B3 /* helloworldApp.swift in Sources */,
			);
			runOnlyForDeploymentPostprocessing = 0;
		};
		7DCDF8EC24F72E520018F9B3 /* Sources */ = {
			isa = PBXSourcesBuildPhase;
			buildActionMask = 2147483647;
			files = (
				7DCDF8F524F72E520018F9B3 /* Tests_iOS.swift in Sources */,
			);
			runOnlyForDeploymentPostprocessing = 0;
		};
		7DCDF8F724F72E520018F9B3 /* Sources */ = {
			isa = PBXSourcesBuildPhase;
			buildActionMask = 2147483647;
			files = (
				7DCDF91724F72F450018F9B3 /* hello.swift in Sources */,
				7DCDF90024F72E520018F9B3 /* Tests_macOS.swift in Sources */,
			);
			runOnlyForDeploymentPostprocessing = 0;
		};
/* End PBXSourcesBuildPhase section */

/* Begin PBXTargetDependency section */
		7DCDF8F224F72E520018F9B3 /* PBXTargetDependency */ = {
			isa = PBXTargetDependency;
			target = 7DCDF8DF24F72E510018F9B3 /* helloworld (iOS) */;
			targetProxy = 7DCDF8F124F72E520018F9B3 /* PBXContainerItemProxy */;
		};
		7DCDF8FD24F72E520018F9B3 /* PBXTargetDependency */ = {
			isa = PBXTargetDependency;
			target = 7DCDF8E724F72E520018F9B3 /* helloworld (macOS) */;
			targetProxy = 7DCDF8FC24F72E520018F9B3 /* PBXContainerItemProxy */;
		};
/* End PBXTargetDependency section */

/* Begin XCBuildConfiguration section */
		7DCDF90824F72E520018F9B3 /* Debug */ = {
			isa = XCBuildConfiguration;
			buildSettings = {
				ALWAYS_SEARCH_USER_PATHS = NO;
				CLANG_ANALYZER_NONNULL = YES;
				CLANG_ANALYZER_NUMBER_OBJECT_CONVERSION = YES_AGGRESSIVE;
				CLANG_CXX_LANGUAGE_STANDARD = "gnu++14";
				CLANG_CXX_LIBRARY = "libc++";
				CLANG_ENABLE_MODULES = YES;
				CLANG_ENABLE_OBJC_ARC = YES;
				CLANG_ENABLE_OBJC_WEAK = YES;
				CLANG_WARN_BLOCK_CAPTURE_AUTORELEASING = YES;
				CLANG_WARN_BOOL_CONVERSION = YES;
				CLANG_WARN_COMMA = YES;
				CLANG_WARN_CONSTANT_CONVERSION = YES;
				CLANG_WARN_DEPRECATED_OBJC_IMPLEMENTATIONS = YES;
				CLANG_WARN_DIRECT_OBJC_ISA_USAGE = YES_ERROR;
				CLANG_WARN_DOCUMENTATION_COMMENTS = YES;
				CLANG_WARN_EMPTY_BODY = YES;
				CLANG_WARN_ENUM_CONVERSION = YES;
				CLANG_WARN_INFINITE_RECURSION = YES;
				CLANG_WARN_INT_CONVERSION = YES;
				CLANG_WARN_NON_LITERAL_NULL_CONVERSION = YES;
				CLANG_WARN_OBJC_IMPLICIT_RETAIN_SELF = YES;
				CLANG_WARN_OBJC_LITERAL_CONVERSION = YES;
				CLANG_WARN_OBJC_ROOT_CLASS = YES_ERROR;
				CLANG_WARN_QUOTED_INCLUDE_IN_FRAMEWORK_HEADER = YES;
				CLANG_WARN_RANGE_LOOP_ANALYSIS = YES;
				CLANG_WARN_STRICT_PROTOTYPES = YES;
				CLANG_WARN_SUSPICIOUS_MOVE = YES;
				CLANG_WARN_UNGUARDED_AVAILABILITY = YES_AGGRESSIVE;
				CLANG_WARN_UNREACHABLE_CODE = YES;
				CLANG_WARN__DUPLICATE_METHOD_MATCH = YES;
				COPY_PHASE_STRIP = NO;
				DEBUG_INFORMATION_FORMAT = dwarf;
				ENABLE_STRICT_OBJC_MSGSEND = YES;
				ENABLE_TESTABILITY = YES;
				GCC_C_LANGUAGE_STANDARD = gnu11;
				GCC_DYNAMIC_NO_PIC = NO;
				GCC_NO_COMMON_BLOCKS = YES;
				GCC_OPTIMIZATION_LEVEL = 0;
				GCC_PREPROCESSOR_DEFINITIONS = (
					"DEBUG=1",
					"$(inherited)",
				);
				GCC_WARN_64_TO_32_BIT_CONVERSION = YES;
				GCC_WARN_ABOUT_RETURN_TYPE = YES_ERROR;
				GCC_WARN_UNDECLARED_SELECTOR = YES;
				GCC_WARN_UNINITIALIZED_AUTOS = YES_AGGRESSIVE;
				GCC_WARN_UNUSED_FUNCTION = YES;
				GCC_WARN_UNUSED_VARIABLE = YES;
				MTL_ENABLE_DEBUG_INFO = INCLUDE_SOURCE;
				MTL_FAST_MATH = YES;
				ONLY_ACTIVE_ARCH = YES;
				SWIFT_ACTIVE_COMPILATION_CONDITIONS = DEBUG;
				SWIFT_OPTIMIZATION_LEVEL = "-Onone";
			};
			name = Debug;
		};
		7DCDF90924F72E520018F9B3 /* Release */ = {
			isa = XCBuildConfiguration;
			buildSettings = {
				ALWAYS_SEARCH_USER_PATHS = NO;
				CLANG_ANALYZER_NONNULL = YES;
				CLANG_ANALYZER_NUMBER_OBJECT_CONVERSION = YES_AGGRESSIVE;
				CLANG_CXX_LANGUAGE_STANDARD = "gnu++14";
				CLANG_CXX_LIBRARY = "libc++";
				CLANG_ENABLE_MODULES = YES;
				CLANG_ENABLE_OBJC_ARC = YES;
				CLANG_ENABLE_OBJC_WEAK = YES;
				CLANG_WARN_BLOCK_CAPTURE_AUTORELEASING = YES;
				CLANG_WARN_BOOL_CONVERSION = YES;
				CLANG_WARN_COMMA = YES;
				CLANG_WARN_CONSTANT_CONVERSION = YES;
				CLANG_WARN_DEPRECATED_OBJC_IMPLEMENTATIONS = YES;
				CLANG_WARN_DIRECT_OBJC_ISA_USAGE = YES_ERROR;
				CLANG_WARN_DOCUMENTATION_COMMENTS = YES;
				CLANG_WARN_EMPTY_BODY = YES;
				CLANG_WARN_ENUM_CONVERSION = YES;
				CLANG_WARN_INFINITE_RECURSION = YES;
				CLANG_WARN_INT_CONVERSION = YES;
				CLANG_WARN_NON_LITERAL_NULL_CONVERSION = YES;
				CLANG_WARN_OBJC_IMPLICIT_RETAIN_SELF = YES;
				CLANG_WARN_OBJC_LITERAL_CONVERSION = YES;
				CLANG_WARN_OBJC_ROOT_CLASS = YES_ERROR;
				CLANG_WARN_QUOTED_INCLUDE_IN_FRAMEWORK_HEADER = YES;
				CLANG_WARN_RANGE_LOOP_ANALYSIS = YES;
				CLANG_WARN_STRICT_PROTOTYPES = YES;
				CLANG_WARN_SUSPICIOUS_MOVE = YES;
				CLANG_WARN_UNGUARDED_AVAILABILITY = YES_AGGRESSIVE;
				CLANG_WARN_UNREACHABLE_CODE = YES;
				CLANG_WARN__DUPLICATE_METHOD_MATCH = YES;
				COPY_PHASE_STRIP = NO;
				DEBUG_INFORMATION_FORMAT = "dwarf-with-dsym";
				ENABLE_NS_ASSERTIONS = NO;
				ENABLE_STRICT_OBJC_MSGSEND = YES;
				GCC_C_LANGUAGE_STANDARD = gnu11;
				GCC_NO_COMMON_BLOCKS = YES;
				GCC_WARN_64_TO_32_BIT_CONVERSION = YES;
				GCC_WARN_ABOUT_RETURN_TYPE = YES_ERROR;
				GCC_WARN_UNDECLARED_SELECTOR = YES;
				GCC_WARN_UNINITIALIZED_AUTOS = YES_AGGRESSIVE;
				GCC_WARN_UNUSED_FUNCTION = YES;
				GCC_WARN_UNUSED_VARIABLE = YES;
				MTL_ENABLE_DEBUG_INFO = NO;
				MTL_FAST_MATH = YES;
				SWIFT_COMPILATION_MODE = wholemodule;
				SWIFT_OPTIMIZATION_LEVEL = "-O";
			};
			name = Release;
		};
		7DCDF90B24F72E520018F9B3 /* Debug */ = {
			isa = XCBuildConfiguration;
			buildSettings = {
				ASSETCATALOG_COMPILER_APPICON_NAME = AppIcon;
				ASSETCATALOG_COMPILER_GLOBAL_ACCENT_COLOR_NAME = AccentColor;
				CODE_SIGN_STYLE = Automatic;
				DEVELOPMENT_TEAM = 9927PAJV9K;
				ENABLE_PREVIEWS = YES;
				INFOPLIST_FILE = iOS/Info.plist;
				IPHONEOS_DEPLOYMENT_TARGET = 14.0;
				LD_RUNPATH_SEARCH_PATHS = (
					"$(inherited)",
					"@executable_path/Frameworks",
				);
				PRODUCT_BUNDLE_IDENTIFIER = teamalpha.helloworld;
				PRODUCT_NAME = helloworld;
				SDKROOT = iphoneos;
				SWIFT_VERSION = 5.0;
				TARGETED_DEVICE_FAMILY = "1,2";
			};
			name = Debug;
		};
		7DCDF90C24F72E520018F9B3 /* Release */ = {
			isa = XCBuildConfiguration;
			buildSettings = {
				ASSETCATALOG_COMPILER_APPICON_NAME = AppIcon;
				ASSETCATALOG_COMPILER_GLOBAL_ACCENT_COLOR_NAME = AccentColor;
				CODE_SIGN_STYLE = Automatic;
				DEVELOPMENT_TEAM = 9927PAJV9K;
				ENABLE_PREVIEWS = YES;
				INFOPLIST_FILE = iOS/Info.plist;
				IPHONEOS_DEPLOYMENT_TARGET = 14.0;
				LD_RUNPATH_SEARCH_PATHS = (
					"$(inherited)",
					"@executable_path/Frameworks",
				);
				PRODUCT_BUNDLE_IDENTIFIER = teamalpha.helloworld;
				PRODUCT_NAME = helloworld;
				SDKROOT = iphoneos;
				SWIFT_VERSION = 5.0;
				TARGETED_DEVICE_FAMILY = "1,2";
				VALIDATE_PRODUCT = YES;
			};
			name = Release;
		};
		7DCDF90E24F72E520018F9B3 /* Debug */ = {
			isa = XCBuildConfiguration;
			buildSettings = {
				ASSETCATALOG_COMPILER_APPICON_NAME = AppIcon;
				ASSETCATALOG_COMPILER_GLOBAL_ACCENT_COLOR_NAME = AccentColor;
				CODE_SIGN_ENTITLEMENTS = macOS/macOS.entitlements;
				CODE_SIGN_STYLE = Automatic;
				COMBINE_HIDPI_IMAGES = YES;
				DEVELOPMENT_TEAM = 9927PAJV9K;
				ENABLE_HARDENED_RUNTIME = YES;
				ENABLE_PREVIEWS = YES;
				INFOPLIST_FILE = macOS/Info.plist;
				LD_RUNPATH_SEARCH_PATHS = (
					"$(inherited)",
					"@executable_path/../Frameworks",
				);
				MACOSX_DEPLOYMENT_TARGET = 11.0;
				PRODUCT_BUNDLE_IDENTIFIER = teamalpha.helloworld;
				PRODUCT_NAME = helloworld;
				SDKROOT = macosx;
				SWIFT_VERSION = 5.0;
			};
			name = Debug;
		};
		7DCDF90F24F72E520018F9B3 /* Release */ = {
			isa = XCBuildConfiguration;
			buildSettings = {
				ASSETCATALOG_COMPILER_APPICON_NAME = AppIcon;
				ASSETCATALOG_COMPILER_GLOBAL_ACCENT_COLOR_NAME = AccentColor;
				CODE_SIGN_ENTITLEMENTS = macOS/macOS.entitlements;
				CODE_SIGN_STYLE = Automatic;
				COMBINE_HIDPI_IMAGES = YES;
				DEVELOPMENT_TEAM = 9927PAJV9K;
				ENABLE_HARDENED_RUNTIME = YES;
				ENABLE_PREVIEWS = YES;
				INFOPLIST_FILE = macOS/Info.plist;
				LD_RUNPATH_SEARCH_PATHS = (
					"$(inherited)",
					"@executable_path/../Frameworks",
				);
				MACOSX_DEPLOYMENT_TARGET = 11.0;
				PRODUCT_BUNDLE_IDENTIFIER = teamalpha.helloworld;
				PRODUCT_NAME = helloworld;
				SDKROOT = macosx;
				SWIFT_VERSION = 5.0;
			};
			name = Release;
		};
		7DCDF91124F72E520018F9B3 /* Debug */ = {
			isa = XCBuildConfiguration;
			buildSettings = {
				ALWAYS_EMBED_SWIFT_STANDARD_LIBRARIES = YES;
				CODE_SIGN_STYLE = Automatic;
				DEVELOPMENT_TEAM = 9927PAJV9K;
				INFOPLIST_FILE = "Tests iOS/Info.plist";
				IPHONEOS_DEPLOYMENT_TARGET = 14.0;
				LD_RUNPATH_SEARCH_PATHS = (
					"$(inherited)",
					"@executable_path/Frameworks",
					"@loader_path/Frameworks",
				);
				PRODUCT_BUNDLE_IDENTIFIER = "teamalpha.Tests-iOS";
				PRODUCT_NAME = "$(TARGET_NAME)";
				SDKROOT = iphoneos;
				SWIFT_VERSION = 5.0;
				TARGETED_DEVICE_FAMILY = "1,2";
				TEST_TARGET_NAME = "helloworld (iOS)";
			};
			name = Debug;
		};
		7DCDF91224F72E520018F9B3 /* Release */ = {
			isa = XCBuildConfiguration;
			buildSettings = {
				ALWAYS_EMBED_SWIFT_STANDARD_LIBRARIES = YES;
				CODE_SIGN_STYLE = Automatic;
				DEVELOPMENT_TEAM = 9927PAJV9K;
				INFOPLIST_FILE = "Tests iOS/Info.plist";
				IPHONEOS_DEPLOYMENT_TARGET = 14.0;
				LD_RUNPATH_SEARCH_PATHS = (
					"$(inherited)",
					"@executable_path/Frameworks",
					"@loader_path/Frameworks",
				);
				PRODUCT_BUNDLE_IDENTIFIER = "teamalpha.Tests-iOS";
				PRODUCT_NAME = "$(TARGET_NAME)";
				SDKROOT = iphoneos;
				SWIFT_VERSION = 5.0;
				TARGETED_DEVICE_FAMILY = "1,2";
				TEST_TARGET_NAME = "helloworld (iOS)";
				VALIDATE_PRODUCT = YES;
			};
			name = Release;
		};
		7DCDF91424F72E520018F9B3 /* Debug */ = {
			isa = XCBuildConfiguration;
			buildSettings = {
				ALWAYS_EMBED_SWIFT_STANDARD_LIBRARIES = YES;
				CODE_SIGN_STYLE = Automatic;
				COMBINE_HIDPI_IMAGES = YES;
				DEVELOPMENT_TEAM = 9927PAJV9K;
				INFOPLIST_FILE = "Tests macOS/Info.plist";
				LD_RUNPATH_SEARCH_PATHS = (
					"$(inherited)",
					"@executable_path/../Frameworks",
					"@loader_path/../Frameworks",
				);
				MACOSX_DEPLOYMENT_TARGET = 10.15;
				PRODUCT_BUNDLE_IDENTIFIER = "teamalpha.Tests-macOS";
				PRODUCT_NAME = "$(TARGET_NAME)";
				SDKROOT = macosx;
				SWIFT_VERSION = 5.0;
				TEST_TARGET_NAME = "helloworld (macOS)";
			};
			name = Debug;
		};
		7DCDF91524F72E520018F9B3 /* Release */ = {
			isa = XCBuildConfiguration;
			buildSettings = {
				ALWAYS_EMBED_SWIFT_STANDARD_LIBRARIES = YES;
				CODE_SIGN_STYLE = Automatic;
				COMBINE_HIDPI_IMAGES = YES;
				DEVELOPMENT_TEAM = 9927PAJV9K;
				INFOPLIST_FILE = "Tests macOS/Info.plist";
				LD_RUNPATH_SEARCH_PATHS = (
					"$(inherited)",
					"@executable_path/../Frameworks",
					"@loader_path/../Frameworks",
				);
				MACOSX_DEPLOYMENT_TARGET = 10.15;
				PRODUCT_BUNDLE_IDENTIFIER = "teamalpha.Tests-macOS";
				PRODUCT_NAME = "$(TARGET_NAME)";
				SDKROOT = macosx;
				SWIFT_VERSION = 5.0;
				TEST_TARGET_NAME = "helloworld (macOS)";
			};
			name = Release;
		};
/* End XCBuildConfiguration section */

/* Begin XCConfigurationList section */
		7DCDF8D724F72E4B0018F9B3 /* Build configuration list for PBXProject "helloworld" */ = {
			isa = XCConfigurationList;
			buildConfigurations = (
				7DCDF90824F72E520018F9B3 /* Debug */,
				7DCDF90924F72E520018F9B3 /* Release */,
			);
			defaultConfigurationIsVisible = 0;
			defaultConfigurationName = Release;
		};
		7DCDF90A24F72E520018F9B3 /* Build configuration list for PBXNativeTarget "helloworld (iOS)" */ = {
			isa = XCConfigurationList;
			buildConfigurations = (
				7DCDF90B24F72E520018F9B3 /* Debug */,
				7DCDF90C24F72E520018F9B3 /* Release */,
			);
			defaultConfigurationIsVisible = 0;
			defaultConfigurationName = Release;
		};
		7DCDF90D24F72E520018F9B3 /* Build configuration list for PBXNativeTarget "helloworld (macOS)" */ = {
			isa = XCConfigurationList;
			buildConfigurations = (
				7DCDF90E24F72E520018F9B3 /* Debug */,
				7DCDF90F24F72E520018F9B3 /* Release */,
			);
			defaultConfigurationIsVisible = 0;
			defaultConfigurationName = Release;
		};
		7DCDF91024F72E520018F9B3 /* Build configuration list for PBXNativeTarget "Tests iOS" */ = {
			isa = XCConfigurationList;
			buildConfigurations = (
				7DCDF91124F72E520018F9B3 /* Debug */,
				7DCDF91224F72E520018F9B3 /* Release */,
			);
			defaultConfigurationIsVisible = 0;
			defaultConfigurationName = Release;
		};
		7DCDF91324F72E520018F9B3 /* Build configuration list for PBXNativeTarget "Tests macOS" */ = {
			isa = XCConfigurationList;
			buildConfigurations = (
				7DCDF91424F72E520018F9B3 /* Debug */,
				7DCDF91524F72E520018F9B3 /* Release */,
			);
			defaultConfigurationIsVisible = 0;
			defaultConfigurationName = Release;
		};
/* End XCConfigurationList section */
	};
	rootObject = 7DCDF8D424F72E4B0018F9B3 /* Project object */;
}
